Microsoft Visual Studio Solution File, Format Version 12.00
# Visual Studio Version 17
VisualStudioVersion = 17.5.2.0
MinimumVisualStudioVersion = 10.0.40219.1
Project("{2150E333-8FDC-42A3-9474-1A3956D46DE8}") = "1.6", "1.6", "{1640E604-1C96-E1F8-7D03-C37B102D04BD}"
EndProject
Project("{FAE04EC0-301F-11D3-BF4B-00C04F79EFBC}") = "Arachnoids", "1.6\Source\Arachnoids.csproj", "{F8649C51-3178-83F7-785C-640FD71CC49A}"
EndProject
Global
	GlobalSection(SolutionConfigurationPlatforms) = preSolution
		Debug|Any CPU = Debug|Any CPU
		Release|Any CPU = Release|Any CPU
	EndGlobalSection
	GlobalSection(ProjectConfigurationPlatforms) = postSolution
		{F8649C51-3178-83F7-785C-640FD71CC49A}.Debug|Any CPU.ActiveCfg = Debug|Any CPU
		{F8649C51-3178-83F7-785C-640FD71CC49A}.Debug|Any CPU.Build.0 = Debug|Any CPU
		{F8649C51-3178-83F7-785C-640FD71CC49A}.Release|Any CPU.ActiveCfg = Release|Any CPU
		{F8649C51-3178-83F7-785C-640FD71CC49A}.Release|Any CPU.Build.0 = Release|Any CPU
	EndGlobalSection
	GlobalSection(SolutionProperties) = preSolution
		HideSolutionNode = FALSE
	EndGlobalSection
	GlobalSection(NestedProjects) = preSolution
		{F8649C51-3178-83F7-785C-640FD71CC49A} = {1640E604-1C96-E1F8-7D03-C37B102D04BD}
	EndGlobalSection
	GlobalSection(ExtensibilityGlobals) = postSolution
		SolutionGuid = {FD96149F-F256-4881-9DBA-74AA6CDDDFC9}
	EndGlobalSection
EndGlobal
